github.com/Anon-404/GoMapper v0.0.0-20240828090533-4ce
5ad88213a h1:00rkVXAKGg+GJ4VQ6oEnohYq27vZVc3j3tFX3XuaG
5o=
github.com/Anon-404/GoMapper v0.0.0-20240828090533-4ce
5ad88213a/go.mod h1:zgPsqdghb354mwEKIfy/qQK4vZ72fpByjx
QTIKzO5PQ=
github.com/fatih/color v1.17.0 h1:GlRw1BRJxkpqUCBKzKOw
098ed57fEsKeNjpTe3cSjK4=
github.com/fatih/color v1.17.0/go.mod h1:YZ7TlrGPkiz6k
u9fK3TLD/pl3CpsiFyu8N92HLgmosI=
github.com/gookit/color v1.5.4 h1:FZmqs7XOyGgCAxmWyPsl
piok1k05wmY3SJTytgvYFs0=
github.com/gookit/color v1.5.4/go.mod h1:pZJOeOS8DM43r
Xbp4AZo1n9zCU2qjpcRko0b6/QJi9w=
github.com/mattn/go-colorable v0.1.13 h1:fFA4WZxdEF4tX
PZVKMLwD8oUnCTTo08duU7wxecdEvA=
github.com/mattn/go-colorable v0.1.13/go.mod h1:7S9/ev
0klgBDR4GtXTXX8a3vIGJpMovkB8vQcUbaXHg=
github.com/mattn/go-isatty v0.0.16/go.mod h1:kYGgaQfpe
5nmfYZH+SKPsOc2e4SrIfOl2e/yFXSvRLM=
github.com/mattn/go-isatty v0.0.20 h1:xfD0iDuEKnDkl03q
4limB+vH+GxLEtL/jb4xVJSWWEY=
github.com/mattn/go-isatty v0.0.20/go.mod h1:W+V8PltTT
MOvKvAeJH7IuucS94S2C6jfK/D7dTCTo3Y=
github.com/xo/terminfo v0.0.0-20220910002029-abceb7e1c
41e h1:JVG44RsyaB9T2KIHavMF/ppJZNG9ZpyihvCd0w101no=
github.com/xo/terminfo v0.0.0-20220910002029-abceb7e1c
41e/go.mod h1:RbqR21r5mrJuqunuUZ/Dhy/avygyECGrLceyNeo4
LiM=
golang.org/x/sys v0.0.0-20220811171246-fbc7d0a398ab/go
.mod h1:oPkhp1MJrh7nUepCBck5+mAzfO9JrbApNNgaTdGDITg=
golang.org/x/sys v0.6.0/go.mod h1:oPkhp1MJrh7nUepCBck5
+mAzfO9JrbApNNgaTdGDITg=
golang.org/x/sys v0.24.0 h1:Twjiwq9dn6R1fQcyiK+wQyHWfa
z/BJB+YIpzU/Cv3Xg=
golang.org/x/sys v0.24.0/go.mod h1:/VUhepiaJMQUp4+oa/7
Zr1D23ma6VTLIYjOOTFZPUcA=
